dependencies:
- name: rancher-pushprox
  repository: https://ekristen.github.io/helm-charts
  version: 1.1.0
- name: rancher-pushprox
  repository: https://ekristen.github.io/helm-charts
  version: 1.1.0
- name: rancher-pushprox
  repository: https://ekristen.github.io/helm-charts
  version: 1.1.0
- name: rancher-pushprox
  repository: https://ekristen.github.io/helm-charts
  version: 1.1.0
digest: sha256:a9e0beaf79e0fe38f9aace7bfda5167560b58df22132fe0b5974282bc2f044d0
generated: "2021-10-26T19:16:47.952176952Z"
