dependencies:
- name: rancher-pushprox
  repository: https://ekristen.github.io/helm-charts
  version: 1.1.1
- name: rancher-pushprox
  repository: https://ekristen.github.io/helm-charts
  version: 1.1.1
- name: rancher-pushprox
  repository: https://ekristen.github.io/helm-charts
  version: 1.1.1
- name: rancher-pushprox
  repository: https://ekristen.github.io/helm-charts
  version: 1.1.1
digest: sha256:d720e69db8e71147c702119e5d64af0e888e958ef94236432301f414cc8fb8bd
generated: "2022-03-10T19:00:58.732735021Z"
