dependencies:
- name: rancher-pushprox
  repository: https://ekristen.github.io/helm-charts
  version: 1.1.0
- name: rancher-pushprox
  repository: https://ekristen.github.io/helm-charts
  version: 1.1.0
- name: rancher-pushprox
  repository: https://ekristen.github.io/helm-charts
  version: 1.1.0
- name: rancher-pushprox
  repository: https://ekristen.github.io/helm-charts
  version: 1.1.0
- name: rancher-pushprox
  repository: https://ekristen.github.io/helm-charts
  version: 1.1.0
digest: sha256:14322133b9a5620cabf78527ab5706763ce81cafe6dfa100ba3113ec1c32ec2e
generated: "2021-10-26T19:16:50.156009335Z"
