dependencies:
- name: rancher-pushprox
  repository: https://ekristen.github.io/helm-charts
  version: 2.0.0
- name: rancher-pushprox
  repository: https://ekristen.github.io/helm-charts
  version: 2.0.0
- name: rancher-pushprox
  repository: https://ekristen.github.io/helm-charts
  version: 2.0.0
- name: rancher-pushprox
  repository: https://ekristen.github.io/helm-charts
  version: 2.0.0
- name: rancher-pushprox
  repository: https://ekristen.github.io/helm-charts
  version: 2.0.0
digest: sha256:8a324a793004acccb23827d1f13e99f2b18fef0add2a8d6d9a0da3d75e73a210
generated: "2025-03-24T19:39:28.344348943Z"
