dependencies:
- name: rancher-pushprox
  repository: https://ekristen.github.io/helm-charts
  version: 1.1.1
- name: rancher-pushprox
  repository: https://ekristen.github.io/helm-charts
  version: 1.1.1
- name: rancher-pushprox
  repository: https://ekristen.github.io/helm-charts
  version: 1.1.1
- name: rancher-pushprox
  repository: https://ekristen.github.io/helm-charts
  version: 1.1.1
digest: sha256:63fe921d324cadcec61ea0c49b05d0fd255d18510fb3b82eddfee1fa602b1fe4
generated: "2022-03-10T19:00:42.506815124Z"
