dependencies:
- name: rancher-pushprox
  repository: https://ekristen.github.io/helm-charts
  version: 1.0.1
- name: rancher-pushprox
  repository: https://ekristen.github.io/helm-charts
  version: 1.0.1
- name: rancher-pushprox
  repository: https://ekristen.github.io/helm-charts
  version: 1.0.1
- name: rancher-pushprox
  repository: https://ekristen.github.io/helm-charts
  version: 1.0.1
digest: sha256:6f105447728534ca21c486863358fde6ace65fd2fe8f94712fc711b4ad9e4235
generated: "2021-10-11T13:16:20.60283-06:00"
